
Microsoft Visual Studio Solution File, Format Version 12.00
# Visual Studio Version 17
VisualStudioVersion = 17.0.31903.59
MinimumVisualStudioVersion = 10.0.40219.1
Project("{FAE04EC0-301F-11D3-BF4B-00C04F79EFBC}") = "API", "API\API.csproj", "{8F829A2C-1AC2-4C96-AA82-9323335A641F}"
EndProject
Project("{FAE04EC0-301F-11D3-BF4B-00C04F79EFBC}") = "Application", "Application\Application.csproj", "{4934BAFE-2753-478F-AA42-93CA01B9E458}"
EndProject
Project("{FAE04EC0-301F-11D3-BF4B-00C04F79EFBC}") = "Domain", "Domain\Domain.csproj", "{F7D79CB1-1823-4DC1-B8C6-B5B1E2A7870A}"
EndProject
Project("{FAE04EC0-301F-11D3-BF4B-00C04F79EFBC}") = "Persistence", "Persistence\Persistence.csproj", "{B5E4859A-B797-4503-93B3-F99A78872668}"
EndProject
Global
	GlobalSection(SolutionConfigurationPlatforms) = preSolution
		Debug|Any CPU = Debug|Any CPU
		Release|Any CPU = Release|Any CPU
	EndGlobalSection
	GlobalSection(SolutionProperties) = preSolution
		HideSolutionNode = FALSE
	EndGlobalSection
	GlobalSection(ProjectConfigurationPlatforms) = postSolution
		{8F829A2C-1AC2-4C96-AA82-9323335A641F}.Debug|Any CPU.ActiveCfg = Debug|Any CPU
		{8F829A2C-1AC2-4C96-AA82-9323335A641F}.Debug|Any CPU.Build.0 = Debug|Any CPU
		{8F829A2C-1AC2-4C96-AA82-9323335A641F}.Release|Any CPU.ActiveCfg = Release|Any CPU
		{8F829A2C-1AC2-4C96-AA82-9323335A641F}.Release|Any CPU.Build.0 = Release|Any CPU
		{4934BAFE-2753-478F-AA42-93CA01B9E458}.Debug|Any CPU.ActiveCfg = Debug|Any CPU
		{4934BAFE-2753-478F-AA42-93CA01B9E458}.Debug|Any CPU.Build.0 = Debug|Any CPU
		{4934BAFE-2753-478F-AA42-93CA01B9E458}.Release|Any CPU.ActiveCfg = Release|Any CPU
		{4934BAFE-2753-478F-AA42-93CA01B9E458}.Release|Any CPU.Build.0 = Release|Any CPU
		{F7D79CB1-1823-4DC1-B8C6-B5B1E2A7870A}.Debug|Any CPU.ActiveCfg = Debug|Any CPU
		{F7D79CB1-1823-4DC1-B8C6-B5B1E2A7870A}.Debug|Any CPU.Build.0 = Debug|Any CPU
		{F7D79CB1-1823-4DC1-B8C6-B5B1E2A7870A}.Release|Any CPU.ActiveCfg = Release|Any CPU
		{F7D79CB1-1823-4DC1-B8C6-B5B1E2A7870A}.Release|Any CPU.Build.0 = Release|Any CPU
		{B5E4859A-B797-4503-93B3-F99A78872668}.Debug|Any CPU.ActiveCfg = Debug|Any CPU
		{B5E4859A-B797-4503-93B3-F99A78872668}.Debug|Any CPU.Build.0 = Debug|Any CPU
		{B5E4859A-B797-4503-93B3-F99A78872668}.Release|Any CPU.ActiveCfg = Release|Any CPU
		{B5E4859A-B797-4503-93B3-F99A78872668}.Release|Any CPU.Build.0 = Release|Any CPU
	EndGlobalSection
EndGlobal
